// !$*UTF8*$!
{
	archiveVersion = 1;
	classes = {
	};
	objectVersion = 56;
	objects = {

/* Begin PBXBuildFile section */
		D90FF42E2928A61200321045 /* FavoriteButton.swift in Sources */ = {isa = PBXBuildFile; fileRef = D90FF42D2928A61100321045 /* FavoriteButton.swift */; };
		D90FF4322928AAFE00321045 /* HexagonParameters.swift in Sources */ = {isa = PBXBuildFile; fileRef = D90FF4312928AAFE00321045 /* HexagonParameters.swift */; };
		D90FF4342928AE8200321045 /* BadgeBackground.swift in Sources */ = {isa = PBXBuildFile; fileRef = D90FF4332928AE8200321045 /* BadgeBackground.swift */; };
		D90FF4362928B4CF00321045 /* BadgeSymbol.swift in Sources */ = {isa = PBXBuildFile; fileRef = D90FF4352928B4CF00321045 /* BadgeSymbol.swift */; };
		D90FF4382928B77100321045 /* RotatedBadgeSymbol.swift in Sources */ = {isa = PBXBuildFile; fileRef = D90FF4372928B77100321045 /* RotatedBadgeSymbol.swift */; };
		D91A6AAB292C8F01001C268D /* Badge.swift in Sources */ = {isa = PBXBuildFile; fileRef = D91A6AAA292C8F01001C268D /* Badge.swift */; };
		D91A6AAE292C9396001C268D /* hikeData.json in Resources */ = {isa = PBXBuildFile; fileRef = D91A6AAD292C9396001C268D /* hikeData.json */; };
		D91A6AB0292C93E3001C268D /* Hike.swift in Sources */ = {isa = PBXBuildFile; fileRef = D91A6AAF292C93E3001C268D /* Hike.swift */; };
		D931038B29253F7C00B9F483 /* LandmarksApp.swift in Sources */ = {isa = PBXBuildFile; fileRef = D931038A29253F7C00B9F483 /* LandmarksApp.swift */; };
		D931038D29253F7C00B9F483 /* ContentView.swift in Sources */ = {isa = PBXBuildFile; fileRef = D931038C29253F7C00B9F483 /* ContentView.swift */; };
		D931038F29253F8100B9F483 /* Assets.xcassets in Resources */ = {isa = PBXBuildFile; fileRef = D931038E29253F8100B9F483 /* Assets.xcassets */; };
		D931039229253F8100B9F483 /* Preview Assets.xcassets in Resources */ = {isa = PBXBuildFile; fileRef = D931039129253F8100B9F483 /* Preview Assets.xcassets */; };
		D931039C29253F8200B9F483 /* LandmarksTests.swift in Sources */ = {isa = PBXBuildFile; fileRef = D931039B29253F8200B9F483 /* LandmarksTests.swift */; };
		D93103A629253F8200B9F483 /* LandmarksUITests.swift in Sources */ = {isa = PBXBuildFile; fileRef = D93103A529253F8200B9F483 /* LandmarksUITests.swift */; };
		D93103A829253F8200B9F483 /* LandmarksUITestsLaunchTests.swift in Sources */ = {isa = PBXBuildFile; fileRef = D93103A729253F8200B9F483 /* LandmarksUITestsLaunchTests.swift */; };
		D9355BA929255DE40094255A /* CircleImage.swift in Sources */ = {isa = PBXBuildFile; fileRef = D9355BA829255DE40094255A /* CircleImage.swift */; };
		D9355BAB29255EDF0094255A /* MapView.swift in Sources */ = {isa = PBXBuildFile; fileRef = D9355BAA29255EDF0094255A /* MapView.swift */; };
		D9355BB1292694590094255A /* Landmark.swift in Sources */ = {isa = PBXBuildFile; fileRef = D9355BB0292694590094255A /* Landmark.swift */; };
		D9355BB32926AAFC0094255A /* ModelData.swift in Sources */ = {isa = PBXBuildFile; fileRef = D9355BB22926AAFC0094255A /* ModelData.swift */; };
		D9355BB7292820420094255A /* landmarkData.json in Resources */ = {isa = PBXBuildFile; fileRef = D9355BB6292820420094255A /* landmarkData.json */; };
		D9355BBA292821050094255A /* LandmarkRow.swift in Sources */ = {isa = PBXBuildFile; fileRef = D9355BB9292821050094255A /* LandmarkRow.swift */; };
		D9355BBC292824990094255A /* LandmarkList.swift in Sources */ = {isa = PBXBuildFile; fileRef = D9355BBB292824990094255A /* LandmarkList.swift */; };
		D9355BBE292826190094255A /* LandmarkDetail.swift in Sources */ = {isa = PBXBuildFile; fileRef = D9355BBD292826190094255A /* LandmarkDetail.swift */; };
		D9CF5F59292D2BD900184072 /* GraphCapsule.swift in Sources */ = {isa = PBXBuildFile; fileRef = D9CF5F55292D2BD900184072 /* GraphCapsule.swift */; };
		D9CF5F5A292D2BD900184072 /* HikeGraph.swift in Sources */ = {isa = PBXBuildFile; fileRef = D9CF5F56292D2BD900184072 /* HikeGraph.swift */; };
		D9CF5F5B292D2BD900184072 /* HikeDetail.swift in Sources */ = {isa = PBXBuildFile; fileRef = D9CF5F57292D2BD900184072 /* HikeDetail.swift */; };
		D9CF5F5C292D2BD900184072 /* HikeView.swift in Sources */ = {isa = PBXBuildFile; fileRef = D9CF5F58292D2BD900184072 /* HikeView.swift */; };
		D9CF5F5F292D337E00184072 /* CategoryView.swift in Sources */ = {isa = PBXBuildFile; fileRef = D9CF5F5E292D337D00184072 /* CategoryView.swift */; };
/* End PBXBuildFile section */

/* Begin PBXContainerItemProxy section */
		D931039829253F8200B9F483 /* PBXContainerItemProxy */ = {
			isa = PBXContainerItemProxy;
			containerPortal = D931037F29253F7C00B9F483 /* Project object */;
			proxyType = 1;
			remoteGlobalIDString = D931038629253F7C00B9F483;
			remoteInfo = Landmarks;
		};
		D93103A229253F8200B9F483 /* PBXContainerItemProxy */ = {
			isa = PBXContainerItemProxy;
			containerPortal = D931037F29253F7C00B9F483 /* Project object */;
			proxyType = 1;
			remoteGlobalIDString = D931038629253F7C00B9F483;
			remoteInfo = Landmarks;
		};
/* End PBXContainerItemProxy section */

/* Begin PBXFileReference section */
		D90FF42D2928A61100321045 /* FavoriteButton.swift */ = {isa = PBXFileReference; lastKnownFileType = sourcecode.swift; path = FavoriteButton.swift; sourceTree = "<group>"; };
		D90FF4312928AAFE00321045 /* HexagonParameters.swift */ = {isa = PBXFileReference; lastKnownFileType = sourcecode.swift; path = HexagonParameters.swift; sourceTree = "<group>"; };
		D90FF4332928AE8200321045 /* BadgeBackground.swift */ = {isa = PBXFileReference; lastKnownFileType = sourcecode.swift; path = BadgeBackground.swift; sourceTree = "<group>"; };
		D90FF4352928B4CF00321045 /* BadgeSymbol.swift */ = {isa = PBXFileReference; lastKnownFileType = sourcecode.swift; path = BadgeSymbol.swift; sourceTree = "<group>"; };
		D90FF4372928B77100321045 /* RotatedBadgeSymbol.swift */ = {isa = PBXFileReference; lastKnownFileType = sourcecode.swift; path = RotatedBadgeSymbol.swift; sourceTree = "<group>"; };
		D91A6AAA292C8F01001C268D /* Badge.swift */ = {isa = PBXFileReference; lastKnownFileType = sourcecode.swift; path = Badge.swift; sourceTree = "<group>"; };
		D91A6AAD292C9396001C268D /* hikeData.json */ = {isa = PBXFileReference; fileEncoding = 4; lastKnownFileType = text.json; path = hikeData.json; sourceTree = "<group>"; };
		D91A6AAF292C93E3001C268D /* Hike.swift */ = {isa = PBXFileReference; lastKnownFileType = sourcecode.swift; path = Hike.swift; sourceTree = "<group>"; };
		D931038729253F7C00B9F483 /* Landmarks.app */ = {isa = PBXFileReference; explicitFileType = wrapper.application; includeInIndex = 0; path = Landmarks.app; sourceTree = BUILT_PRODUCTS_DIR; };
		D931038A29253F7C00B9F483 /* LandmarksApp.swift */ = {isa = PBXFileReference; lastKnownFileType = sourcecode.swift; path = LandmarksApp.swift; sourceTree = "<group>"; };
		D931038C29253F7C00B9F483 /* ContentView.swift */ = {isa = PBXFileReference; lastKnownFileType = sourcecode.swift; path = ContentView.swift; sourceTree = "<group>"; };
		D931038E29253F8100B9F483 /* Assets.xcassets */ = {isa = PBXFileReference; lastKnownFileType = folder.assetcatalog; path = Assets.xcassets; sourceTree = "<group>"; };
		D931039129253F8100B9F483 /* Preview Assets.xcassets */ = {isa = PBXFileReference; lastKnownFileType = folder.assetcatalog; path = "Preview Assets.xcassets"; sourceTree = "<group>"; };
		D931039729253F8200B9F483 /* LandmarksTests.xctest */ = {isa = PBXFileReference; explicitFileType = wrapper.cfbundle; includeInIndex = 0; path = LandmarksTests.xctest; sourceTree = BUILT_PRODUCTS_DIR; };
		D931039B29253F8200B9F483 /* LandmarksTests.swift */ = {isa = PBXFileReference; lastKnownFileType = sourcecode.swift; path = LandmarksTests.swift; sourceTree = "<group>"; };
		D93103A129253F8200B9F483 /* LandmarksUITests.xctest */ = {isa = PBXFileReference; explicitFileType = wrapper.cfbundle; includeInIndex = 0; path = LandmarksUITests.xctest; sourceTree = BUILT_PRODUCTS_DIR; };
		D93103A529253F8200B9F483 /* LandmarksUITests.swift */ = {isa = PBXFileReference; lastKnownFileType = sourcecode.swift; path = LandmarksUITests.swift; sourceTree = "<group>"; };
		D93103A729253F8200B9F483 /* LandmarksUITestsLaunchTests.swift */ = {isa = PBXFileReference; lastKnownFileType = sourcecode.swift; path = LandmarksUITestsLaunchTests.swift; sourceTree = "<group>"; };
		D9355BA829255DE40094255A /* CircleImage.swift */ = {isa = PBXFileReference; lastKnownFileType = sourcecode.swift; path = CircleImage.swift; sourceTree = "<group>"; };
		D9355BAA29255EDF0094255A /* MapView.swift */ = {isa = PBXFileReference; lastKnownFileType = sourcecode.swift; path = MapView.swift; sourceTree = "<group>"; };
		D9355BB0292694590094255A /* Landmark.swift */ = {isa = PBXFileReference; lastKnownFileType = sourcecode.swift; path = Landmark.swift; sourceTree = "<group>"; };
		D9355BB22926AAFC0094255A /* ModelData.swift */ = {isa = PBXFileReference; lastKnownFileType = sourcecode.swift; path = ModelData.swift; sourceTree = "<group>"; };
		D9355BB6292820420094255A /* landmarkData.json */ = {isa = PBXFileReference; fileEncoding = 4; lastKnownFileType = text.json; path = landmarkData.json; sourceTree = "<group>"; };
		D9355BB9292821050094255A /* LandmarkRow.swift */ = {isa = PBXFileReference; lastKnownFileType = sourcecode.swift; path = LandmarkRow.swift; sourceTree = "<group>"; };
		D9355BBB292824990094255A /* LandmarkList.swift */ = {isa = PBXFileReference; lastKnownFileType = sourcecode.swift; path = LandmarkList.swift; sourceTree = "<group>"; };
		D9355BBD292826190094255A /* LandmarkDetail.swift */ = {isa = PBXFileReference; lastKnownFileType = sourcecode.swift; path = LandmarkDetail.swift; sourceTree = "<group>"; };
		D9CF5F55292D2BD900184072 /* GraphCapsule.swift */ = {isa = PBXFileReference; fileEncoding = 4; lastKnownFileType = sourcecode.swift; path = GraphCapsule.swift; sourceTree = "<group>"; };
		D9CF5F56292D2BD900184072 /* HikeGraph.swift */ = {isa = PBXFileReference; fileEncoding = 4; lastKnownFileType = sourcecode.swift; path = HikeGraph.swift; sourceTree = "<group>"; };
		D9CF5F57292D2BD900184072 /* HikeDetail.swift */ = {isa = PBXFileReference; fileEncoding = 4; lastKnownFileType = sourcecode.swift; path = HikeDetail.swift; sourceTree = "<group>"; };
		D9CF5F58292D2BD900184072 /* HikeView.swift */ = {isa = PBXFileReference; fileEncoding = 4; lastKnownFileType = sourcecode.swift; path = HikeView.swift; sourceTree = "<group>"; };
		D9CF5F5E292D337D00184072 /* CategoryView.swift */ = {isa = PBXFileReference; lastKnownFileType = sourcecode.swift; path = CategoryView.swift; sourceTree = "<group>"; };
/* End PBXFileReference section */

/* Begin PBXFrameworksBuildPhase section */
		D931038429253F7C00B9F483 /* Frameworks */ = {
			isa = PBXFrameworksBuildPhase;
			buildActionMask = 2147483647;
			files = (
			);
			runOnlyForDeploymentPostprocessing = 0;
		};
		D931039429253F8200B9F483 /* Frameworks */ = {
			isa = PBXFrameworksBuildPhase;
			buildActionMask = 2147483647;
			files = (
			);
			runOnlyForDeploymentPostprocessing = 0;
		};
		D931039E29253F8200B9F483 /* Frameworks */ = {
			isa = PBXFrameworksBuildPhase;
			buildActionMask = 2147483647;
			files = (
			);
			runOnlyForDeploymentPostprocessing = 0;
		};
/* End PBXFrameworksBuildPhase section */

/* Begin PBXGroup section */
		D90FF42F2928A80900321045 /* Helpers */ = {
			isa = PBXGroup;
			children = (
				D90FF42D2928A61100321045 /* FavoriteButton.swift */,
				D9355BAA29255EDF0094255A /* MapView.swift */,
				D9355BA829255DE40094255A /* CircleImage.swift */,
			);
			path = Helpers;
			sourceTree = "<group>";
		};
		D90FF4302928A83300321045 /* Landmarks */ = {
			isa = PBXGroup;
			children = (
				D9355BB9292821050094255A /* LandmarkRow.swift */,
				D9355BBB292824990094255A /* LandmarkList.swift */,
				D9355BBD292826190094255A /* LandmarkDetail.swift */,
			);
			path = Landmarks;
			sourceTree = "<group>";
		};
		D91A6AAC292C9268001C268D /* Badges */ = {
			isa = PBXGroup;
			children = (
				D90FF4312928AAFE00321045 /* HexagonParameters.swift */,
				D90FF4332928AE8200321045 /* BadgeBackground.swift */,
				D90FF4352928B4CF00321045 /* BadgeSymbol.swift */,
				D90FF4372928B77100321045 /* RotatedBadgeSymbol.swift */,
				D91A6AAA292C8F01001C268D /* Badge.swift */,
			);
			path = Badges;
			sourceTree = "<group>";
		};
		D931037E29253F7C00B9F483 = {
			isa = PBXGroup;
			children = (
				D931038929253F7C00B9F483 /* Landmarks */,
				D931039A29253F8200B9F483 /* LandmarksTests */,
				D93103A429253F8200B9F483 /* LandmarksUITests */,
				D931038829253F7C00B9F483 /* Products */,
			);
			sourceTree = "<group>";
		};
		D931038829253F7C00B9F483 /* Products */ = {
			isa = PBXGroup;
			children = (
				D931038729253F7C00B9F483 /* Landmarks.app */,
				D931039729253F8200B9F483 /* LandmarksTests.xctest */,
				D93103A129253F8200B9F483 /* LandmarksUITests.xctest */,
			);
			name = Products;
			sourceTree = "<group>";
		};
		D931038929253F7C00B9F483 /* Landmarks */ = {
			isa = PBXGroup;
			children = (
				D931038A29253F7C00B9F483 /* LandmarksApp.swift */,
				D9355BB429281E850094255A /* Views */,
				D9355BB529281EBD0094255A /* Model */,
				D9355BB8292820980094255A /* Resources */,
				D931038E29253F8100B9F483 /* Assets.xcassets */,
				D931039029253F8100B9F483 /* Preview Content */,
			);
			path = Landmarks;
			sourceTree = "<group>";
		};
		D931039029253F8100B9F483 /* Preview Content */ = {
			isa = PBXGroup;
			children = (
				D931039129253F8100B9F483 /* Preview Assets.xcassets */,
			);
			path = "Preview Content";
			sourceTree = "<group>";
		};
		D931039A29253F8200B9F483 /* LandmarksTests */ = {
			isa = PBXGroup;
			children = (
				D931039B29253F8200B9F483 /* LandmarksTests.swift */,
			);
			path = LandmarksTests;
			sourceTree = "<group>";
		};
		D93103A429253F8200B9F483 /* LandmarksUITests */ = {
			isa = PBXGroup;
			children = (
				D93103A529253F8200B9F483 /* LandmarksUITests.swift */,
				D93103A729253F8200B9F483 /* LandmarksUITestsLaunchTests.swift */,
			);
			path = LandmarksUITests;
			sourceTree = "<group>";
		};
		D9355BB429281E850094255A /* Views */ = {
			isa = PBXGroup;
			children = (
				D9CF5F5D292D335900184072 /* Categories */,
				D9CF5F54292D2BD900184072 /* Hikes */,
				D931038C29253F7C00B9F483 /* ContentView.swift */,
				D90FF42F2928A80900321045 /* Helpers */,
				D90FF4302928A83300321045 /* Landmarks */,
				D91A6AAC292C9268001C268D /* Badges */,
			);
			path = Views;
			sourceTree = "<group>";
		};
		D9355BB529281EBD0094255A /* Model */ = {
			isa = PBXGroup;
			children = (
				D9355BB0292694590094255A /* Landmark.swift */,
				D9355BB22926AAFC0094255A /* ModelData.swift */,
				D91A6AAF292C93E3001C268D /* Hike.swift */,
			);
			path = Model;
			sourceTree = "<group>";
		};
		D9355BB8292820980094255A /* Resources */ = {
			isa = PBXGroup;
			children = (
				D91A6AAD292C9396001C268D /* hikeData.json */,
				D9355BB6292820420094255A /* landmarkData.json */,
			);
			path = Resources;
			sourceTree = "<group>";
		};
		D9CF5F54292D2BD900184072 /* Hikes */ = {
			isa = PBXGroup;
			children = (
				D9CF5F55292D2BD900184072 /* GraphCapsule.swift */,
				D9CF5F56292D2BD900184072 /* HikeGraph.swift */,
				D9CF5F57292D2BD900184072 /* HikeDetail.swift */,
				D9CF5F58292D2BD900184072 /* HikeView.swift */,
			);
			path = Hikes;
			sourceTree = "<group>";
		};
		D9CF5F5D292D335900184072 /* Categories */ = {
			isa = PBXGroup;
			children = (
				D9CF5F5E292D337D00184072 /* CategoryView.swift */,
			);
			path = Categories;
			sourceTree = "<group>";
		};
/* End PBXGroup section */

/* Begin PBXNativeTarget section */
		D931038629253F7C00B9F483 /* Landmarks */ = {
			isa = PBXNativeTarget;
			buildConfigurationList = D93103AB29253F8200B9F483 /* Build configuration list for PBXNativeTarget "Landmarks" */;
			buildPhases = (
				D931038329253F7C00B9F483 /* Sources */,
				D931038429253F7C00B9F483 /* Frameworks */,
				D931038529253F7C00B9F483 /* Resources */,
			);
			buildRules = (
			);
			dependencies = (
			);
			name = Landmarks;
			productName = Landmarks;
			productReference = D931038729253F7C00B9F483 /* Landmarks.app */;
			productType = "com.apple.product-type.application";
		};
		D931039629253F8200B9F483 /* LandmarksTests */ = {
			isa = PBXNativeTarget;
			buildConfigurationList = D93103AE29253F8200B9F483 /* Build configuration list for PBXNativeTarget "LandmarksTests" */;
			buildPhases = (
				D931039329253F8200B9F483 /* Sources */,
				D931039429253F8200B9F483 /* Frameworks */,
				D931039529253F8200B9F483 /* Resources */,
			);
			buildRules = (
			);
			dependencies = (
				D931039929253F8200B9F483 /* PBXTargetDependency */,
			);
			name = LandmarksTests;
			productName = LandmarksTests;
			productReference = D931039729253F8200B9F483 /* LandmarksTests.xctest */;
			productType = "com.apple.product-type.bundle.unit-test";
		};
		D93103A029253F8200B9F483 /* LandmarksUITests */ = {
			isa = PBXNativeTarget;
			buildConfigurationList = D93103B129253F8200B9F483 /* Build configuration list for PBXNativeTarget "LandmarksUITests" */;
			buildPhases = (
				D931039D29253F8200B9F483 /* Sources */,
				D931039E29253F8200B9F483 /* Frameworks */,
				D931039F29253F8200B9F483 /* Resources */,
			);
			buildRules = (
			);
			dependencies = (
				D93103A329253F8200B9F483 /* PBXTargetDependency */,
			);
			name = LandmarksUITests;
			productName = LandmarksUITests;
			productReference = D93103A129253F8200B9F483 /* LandmarksUITests.xctest */;
			productType = "com.apple.product-type.bundle.ui-testing";
		};
/* End PBXNativeTarget section */

/* Begin PBXProject section */
		D931037F29253F7C00B9F483 /* Project object */ = {
			isa = PBXProject;
			attributes = {
				BuildIndependentTargetsInParallel = 1;
				LastSwiftUpdateCheck = 1410;
				LastUpgradeCheck = 1410;
				TargetAttributes = {
					D931038629253F7C00B9F483 = {
						CreatedOnToolsVersion = 14.1;
					};
					D931039629253F8200B9F483 = {
						CreatedOnToolsVersion = 14.1;
						TestTargetID = D931038629253F7C00B9F483;
					};
					D93103A029253F8200B9F483 = {
						CreatedOnToolsVersion = 14.1;
						TestTargetID = D931038629253F7C00B9F483;
					};
				};
			};
			buildConfigurationList = D931038229253F7C00B9F483 /* Build configuration list for PBXProject "Landmarks" */;
			compatibilityVersion = "Xcode 14.0";
			developmentRegion = en;
			hasScannedForEncodings = 0;
			knownRegions = (
				en,
				Base,
			);
			mainGroup = D931037E29253F7C00B9F483;
			productRefGroup = D931038829253F7C00B9F483 /* Products */;
			projectDirPath = "";
			projectRoot = "";
			targets = (
				D931038629253F7C00B9F483 /* Landmarks */,
				D931039629253F8200B9F483 /* LandmarksTests */,
				D93103A029253F8200B9F483 /* LandmarksUITests */,
			);
		};
/* End PBXProject section */

/* Begin PBXResourcesBuildPhase section */
		D931038529253F7C00B9F483 /* Resources */ = {
			isa = PBXResourcesBuildPhase;
			buildActionMask = 2147483647;
			files = (
				D91A6AAE292C9396001C268D /* hikeData.json in Resources */,
				D931039229253F8100B9F483 /* Preview Assets.xcassets in Resources */,
				D931038F29253F8100B9F483 /* Assets.xcassets in Resources */,
				D9355BB7292820420094255A /* landmarkData.json in Resources */,
			);
			runOnlyForDeploymentPostprocessing = 0;
		};
		D931039529253F8200B9F483 /* Resources */ = {
			isa = PBXResourcesBuildPhase;
			buildActionMask = 2147483647;
			files = (
			);
			runOnlyForDeploymentPostprocessing = 0;
		};
		D931039F29253F8200B9F483 /* Resources */ = {
			isa = PBXResourcesBuildPhase;
			buildActionMask = 2147483647;
			files = (
			);
			runOnlyForDeploymentPostprocessing = 0;
		};
/* End PBXResourcesBuildPhase section */

/* Begin PBXSourcesBuildPhase section */
		D931038329253F7C00B9F483 /* Sources */ = {
			isa = PBXSourcesBuildPhase;
			buildActionMask = 2147483647;
			files = (
				D931038D29253F7C00B9F483 /* ContentView.swift in Sources */,
				D9CF5F5A292D2BD900184072 /* HikeGraph.swift in Sources */,
				D91A6AAB292C8F01001C268D /* Badge.swift in Sources */,
				D9355BAB29255EDF0094255A /* MapView.swift in Sources */,
				D9CF5F59292D2BD900184072 /* GraphCapsule.swift in Sources */,
				D931038B29253F7C00B9F483 /* LandmarksApp.swift in Sources */,
				D90FF42E2928A61200321045 /* FavoriteButton.swift in Sources */,
				D9CF5F5B292D2BD900184072 /* HikeDetail.swift in Sources */,
				D9CF5F5F292D337E00184072 /* CategoryView.swift in Sources */,
				D90FF4322928AAFE00321045 /* HexagonParameters.swift in Sources */,
				D91A6AB0292C93E3001C268D /* Hike.swift in Sources */,
				D90FF4382928B77100321045 /* RotatedBadgeSymbol.swift in Sources */,
				D9355BBC292824990094255A /* LandmarkList.swift in Sources */,
				D9355BBE292826190094255A /* LandmarkDetail.swift in Sources */,
				D9CF5F5C292D2BD900184072 /* HikeView.swift in Sources */,
				D90FF4342928AE8200321045 /* BadgeBackground.swift in Sources */,
				D9355BB1292694590094255A /* Landmark.swift in Sources */,
				D9355BA929255DE40094255A /* CircleImage.swift in Sources */,
				D9355BBA292821050094255A /* LandmarkRow.swift in Sources */,
				D90FF4362928B4CF00321045 /* BadgeSymbol.swift in Sources */,
				D9355BB32926AAFC0094255A /* ModelData.swift in Sources */,
			);
			runOnlyForDeploymentPostprocessing = 0;
		};
		D931039329253F8200B9F483 /* Sources */ = {
			isa = PBXSourcesBuildPhase;
			buildActionMask = 2147483647;
			files = (
				D931039C29253F8200B9F483 /* LandmarksTests.swift in Sources */,
			);
			runOnlyForDeploymentPostprocessing = 0;
		};
		D931039D29253F8200B9F483 /* Sources */ = {
			isa = PBXSourcesBuildPhase;
			buildActionMask = 2147483647;
			files = (
				D93103A829253F8200B9F483 /* LandmarksUITestsLaunchTests.swift in Sources */,
				D93103A629253F8200B9F483 /* LandmarksUITests.swift in Sources */,
			);
			runOnlyForDeploymentPostprocessing = 0;
		};
/* End PBXSourcesBuildPhase section */

/* Begin PBXTargetDependency section */
		D931039929253F8200B9F483 /* PBXTargetDependency */ = {
			isa = PBXTargetDependency;
			target = D931038629253F7C00B9F483 /* Landmarks */;
			targetProxy = D931039829253F8200B9F483 /* PBXContainerItemProxy */;
		};
		D93103A329253F8200B9F483 /* PBXTargetDependency */ = {
			isa = PBXTargetDependency;
			target = D931038629253F7C00B9F483 /* Landmarks */;
			targetProxy = D93103A229253F8200B9F483 /* PBXContainerItemProxy */;
		};
/* End PBXTargetDependency section */

/* Begin XCBuildConfiguration section */
		D93103A929253F8200B9F483 /* Debug */ = {
			isa = XCBuildConfiguration;
			buildSettings = {
				ALWAYS_SEARCH_USER_PATHS = NO;
				CLANG_ANALYZER_NONNULL = YES;
				CLANG_ANALYZER_NUMBER_OBJECT_CONVERSION = YES_AGGRESSIVE;
				CLANG_CXX_LANGUAGE_STANDARD = "gnu++20";
				CLANG_ENABLE_MODULES = YES;
				CLANG_ENABLE_OBJC_ARC = YES;
				CLANG_ENABLE_OBJC_WEAK = YES;
				CLANG_WARN_BLOCK_CAPTURE_AUTORELEASING = YES;
				CLANG_WARN_BOOL_CONVERSION = YES;
				CLANG_WARN_COMMA = YES;
				CLANG_WARN_CONSTANT_CONVERSION = YES;
				CLANG_WARN_DEPRECATED_OBJC_IMPLEMENTATIONS = YES;
				CLANG_WARN_DIRECT_OBJC_ISA_USAGE = YES_ERROR;
				CLANG_WARN_DOCUMENTATION_COMMENTS = YES;
				CLANG_WARN_EMPTY_BODY = YES;
				CLANG_WARN_ENUM_CONVERSION = YES;
				CLANG_WARN_INFINITE_RECURSION = YES;
				CLANG_WARN_INT_CONVERSION = YES;
				CLANG_WARN_NON_LITERAL_NULL_CONVERSION = YES;
				CLANG_WARN_OBJC_IMPLICIT_RETAIN_SELF = YES;
				CLANG_WARN_OBJC_LITERAL_CONVERSION = YES;
				CLANG_WARN_OBJC_ROOT_CLASS = YES_ERROR;
				CLANG_WARN_QUOTED_INCLUDE_IN_FRAMEWORK_HEADER = YES;
				CLANG_WARN_RANGE_LOOP_ANALYSIS = YES;
				CLANG_WARN_STRICT_PROTOTYPES = YES;
				CLANG_WARN_SUSPICIOUS_MOVE = YES;
				CLANG_WARN_UNGUARDED_AVAILABILITY = YES_AGGRESSIVE;
				CLANG_WARN_UNREACHABLE_CODE = YES;
				CLANG_WARN__DUPLICATE_METHOD_MATCH = YES;
				COPY_PHASE_STRIP = NO;
				DEBUG_INFORMATION_FORMAT = dwarf;
				ENABLE_STRICT_OBJC_MSGSEND = YES;
				ENABLE_TESTABILITY = YES;
				GCC_C_LANGUAGE_STANDARD = gnu11;
				GCC_DYNAMIC_NO_PIC = NO;
				GCC_NO_COMMON_BLOCKS = YES;
				GCC_OPTIMIZATION_LEVEL = 0;
				GCC_PREPROCESSOR_DEFINITIONS = (
					"DEBUG=1",
					"$(inherited)",
				);
				GCC_WARN_64_TO_32_BIT_CONVERSION = YES;
				GCC_WARN_ABOUT_RETURN_TYPE = YES_ERROR;
				GCC_WARN_UNDECLARED_SELECTOR = YES;
				GCC_WARN_UNINITIALIZED_AUTOS = YES_AGGRESSIVE;
				GCC_WARN_UNUSED_FUNCTION = YES;
				GCC_WARN_UNUSED_VARIABLE = YES;
				IPHONEOS_DEPLOYMENT_TARGET = 16.1;
				MTL_ENABLE_DEBUG_INFO = INCLUDE_SOURCE;
				MTL_FAST_MATH = YES;
				ONLY_ACTIVE_ARCH = YES;
				SDKROOT = iphoneos;
				SWIFT_ACTIVE_COMPILATION_CONDITIONS = DEBUG;
				SWIFT_OPTIMIZATION_LEVEL = "-Onone";
			};
			name = Debug;
		};
		D93103AA29253F8200B9F483 /* Release */ = {
			isa = XCBuildConfiguration;
			buildSettings = {
				ALWAYS_SEARCH_USER_PATHS = NO;
				CLANG_ANALYZER_NONNULL = YES;
				CLANG_ANALYZER_NUMBER_OBJECT_CONVERSION = YES_AGGRESSIVE;
				CLANG_CXX_LANGUAGE_STANDARD = "gnu++20";
				CLANG_ENABLE_MODULES = YES;
				CLANG_ENABLE_OBJC_ARC = YES;
				CLANG_ENABLE_OBJC_WEAK = YES;
				CLANG_WARN_BLOCK_CAPTURE_AUTORELEASING = YES;
				CLANG_WARN_BOOL_CONVERSION = YES;
				CLANG_WARN_COMMA = YES;
				CLANG_WARN_CONSTANT_CONVERSION = YES;
				CLANG_WARN_DEPRECATED_OBJC_IMPLEMENTATIONS = YES;
				CLANG_WARN_DIRECT_OBJC_ISA_USAGE = YES_ERROR;
				CLANG_WARN_DOCUMENTATION_COMMENTS = YES;
				CLANG_WARN_EMPTY_BODY = YES;
				CLANG_WARN_ENUM_CONVERSION = YES;
				CLANG_WARN_INFINITE_RECURSION = YES;
				CLANG_WARN_INT_CONVERSION = YES;
				CLANG_WARN_NON_LITERAL_NULL_CONVERSION = YES;
				CLANG_WARN_OBJC_IMPLICIT_RETAIN_SELF = YES;
				CLANG_WARN_OBJC_LITERAL_CONVERSION = YES;
				CLANG_WARN_OBJC_ROOT_CLASS = YES_ERROR;
				CLANG_WARN_QUOTED_INCLUDE_IN_FRAMEWORK_HEADER = YES;
				CLANG_WARN_RANGE_LOOP_ANALYSIS = YES;
				CLANG_WARN_STRICT_PROTOTYPES = YES;
				CLANG_WARN_SUSPICIOUS_MOVE = YES;
				CLANG_WARN_UNGUARDED_AVAILABILITY = YES_AGGRESSIVE;
				CLANG_WARN_UNREACHABLE_CODE = YES;
				CLANG_WARN__DUPLICATE_METHOD_MATCH = YES;
				COPY_PHASE_STRIP = NO;
				DEBUG_INFORMATION_FORMAT = "dwarf-with-dsym";
				ENABLE_NS_ASSERTIONS = NO;
				ENABLE_STRICT_OBJC_MSGSEND = YES;
				GCC_C_LANGUAGE_STANDARD = gnu11;
				GCC_NO_COMMON_BLOCKS = YES;
				GCC_WARN_64_TO_32_BIT_CONVERSION = YES;
				GCC_WARN_ABOUT_RETURN_TYPE = YES_ERROR;
				GCC_WARN_UNDECLARED_SELECTOR = YES;
				GCC_WARN_UNINITIALIZED_AUTOS = YES_AGGRESSIVE;
				GCC_WARN_UNUSED_FUNCTION = YES;
				GCC_WARN_UNUSED_VARIABLE = YES;
				IPHONEOS_DEPLOYMENT_TARGET = 16.1;
				MTL_ENABLE_DEBUG_INFO = NO;
				MTL_FAST_MATH = YES;
				SDKROOT = iphoneos;
				SWIFT_COMPILATION_MODE = wholemodule;
				SWIFT_OPTIMIZATION_LEVEL = "-O";
				VALIDATE_PRODUCT = YES;
			};
			name = Release;
		};
		D93103AC29253F8200B9F483 /* Debug */ = {
			isa = XCBuildConfiguration;
			buildSettings = {
				ASSETCATALOG_COMPILER_APPICON_NAME = AppIcon;
				ASSETCATALOG_COMPILER_GLOBAL_ACCENT_COLOR_NAME = AccentColor;
				CODE_SIGN_STYLE = Automatic;
				CURRENT_PROJECT_VERSION = 1;
				DEVELOPMENT_ASSET_PATHS = "\"Landmarks/Preview Content\"";
				ENABLE_PREVIEWS = YES;
				GENERATE_INFOPLIST_FILE = YES;
				INFOPLIST_KEY_UIApplicationSceneManifest_Generation = YES;
				INFOPLIST_KEY_UIApplicationSupportsIndirectInputEvents = YES;
				INFOPLIST_KEY_UILaunchScreen_Generation = YES;
				INFOPLIST_KEY_UISupportedInterfaceOrientations_iPad = "UIInterfaceOrientationPortrait UIInterfaceOrientationPortraitUpsideDown UIInterfaceOrientationLandscapeLeft UIInterfaceOrientationLandscapeRight";
				INFOPLIST_KEY_UISupportedInterfaceOrientations_iPhone = "UIInterfaceOrientationPortrait UIInterfaceOrientationLandscapeLeft UIInterfaceOrientationLandscapeRight";
				LD_RUNPATH_SEARCH_PATHS = (
					"$(inherited)",
					"@executable_path/Frameworks",
				);
				MARKETING_VERSION = 1.0;
				PRODUCT_BUNDLE_IDENTIFIER = BMaldonado.Landmarks;
				PRODUCT_NAME = "$(TARGET_NAME)";
				SWIFT_EMIT_LOC_STRINGS = YES;
				SWIFT_VERSION = 5.0;
				TARGETED_DEVICE_FAMILY = "1,2";
			};
			name = Debug;
		};
		D93103AD29253F8200B9F483 /* Release */ = {
			isa = XCBuildConfiguration;
			buildSettings = {
				ASSETCATALOG_COMPILER_APPICON_NAME = AppIcon;
				ASSETCATALOG_COMPILER_GLOBAL_ACCENT_COLOR_NAME = AccentColor;
				CODE_SIGN_STYLE = Automatic;
				CURRENT_PROJECT_VERSION = 1;
				DEVELOPMENT_ASSET_PATHS = "\"Landmarks/Preview Content\"";
				ENABLE_PREVIEWS = YES;
				GENERATE_INFOPLIST_FILE = YES;
				INFOPLIST_KEY_UIApplicationSceneManifest_Generation = YES;
				INFOPLIST_KEY_UIApplicationSupportsIndirectInputEvents = YES;
				INFOPLIST_KEY_UILaunchScreen_Generation = YES;
				INFOPLIST_KEY_UISupportedInterfaceOrientations_iPad = "UIInterfaceOrientationPortrait UIInterfaceOrientationPortraitUpsideDown UIInterfaceOrientationLandscapeLeft UIInterfaceOrientationLandscapeRight";
				INFOPLIST_KEY_UISupportedInterfaceOrientations_iPhone = "UIInterfaceOrientationPortrait UIInterfaceOrientationLandscapeLeft UIInterfaceOrientationLandscapeRight";
				LD_RUNPATH_SEARCH_PATHS = (
					"$(inherited)",
					"@executable_path/Frameworks",
				);
				MARKETING_VERSION = 1.0;
				PRODUCT_BUNDLE_IDENTIFIER = BMaldonado.Landmarks;
				PRODUCT_NAME = "$(TARGET_NAME)";
				SWIFT_EMIT_LOC_STRINGS = YES;
				SWIFT_VERSION = 5.0;
				TARGETED_DEVICE_FAMILY = "1,2";
			};
			name = Release;
		};
		D93103AF29253F8200B9F483 /* Debug */ = {
			isa = XCBuildConfiguration;
			buildSettings = {
				ALWAYS_EMBED_SWIFT_STANDARD_LIBRARIES = YES;
				BUNDLE_LOADER = "$(TEST_HOST)";
				CODE_SIGN_STYLE = Automatic;
				CURRENT_PROJECT_VERSION = 1;
				GENERATE_INFOPLIST_FILE = YES;
				IPHONEOS_DEPLOYMENT_TARGET = 16.1;
				MARKETING_VERSION = 1.0;
				PRODUCT_BUNDLE_IDENTIFIER = BMaldonado.LandmarksTests;
				PRODUCT_NAME = "$(TARGET_NAME)";
				SWIFT_EMIT_LOC_STRINGS = NO;
				SWIFT_VERSION = 5.0;
				TARGETED_DEVICE_FAMILY = "1,2";
				TEST_HOST = "$(BUILT_PRODUCTS_DIR)/Landmarks.app/$(BUNDLE_EXECUTABLE_FOLDER_PATH)/Landmarks";
			};
			name = Debug;
		};
		D93103B029253F8200B9F483 /* Release */ = {
			isa = XCBuildConfiguration;
			buildSettings = {
				ALWAYS_EMBED_SWIFT_STANDARD_LIBRARIES = YES;
				BUNDLE_LOADER = "$(TEST_HOST)";
				CODE_SIGN_STYLE = Automatic;
				CURRENT_PROJECT_VERSION = 1;
				GENERATE_INFOPLIST_FILE = YES;
				IPHONEOS_DEPLOYMENT_TARGET = 16.1;
				MARKETING_VERSION = 1.0;
				PRODUCT_BUNDLE_IDENTIFIER = BMaldonado.LandmarksTests;
				PRODUCT_NAME = "$(TARGET_NAME)";
				SWIFT_EMIT_LOC_STRINGS = NO;
				SWIFT_VERSION = 5.0;
				TARGETED_DEVICE_FAMILY = "1,2";
				TEST_HOST = "$(BUILT_PRODUCTS_DIR)/Landmarks.app/$(BUNDLE_EXECUTABLE_FOLDER_PATH)/Landmarks";
			};
			name = Release;
		};
		D93103B229253F8200B9F483 /* Debug */ = {
			isa = XCBuildConfiguration;
			buildSettings = {
				ALWAYS_EMBED_SWIFT_STANDARD_LIBRARIES = YES;
				CODE_SIGN_STYLE = Automatic;
				CURRENT_PROJECT_VERSION = 1;
				GENERATE_INFOPLIST_FILE = YES;
				MARKETING_VERSION = 1.0;
				PRODUCT_BUNDLE_IDENTIFIER = BMaldonado.LandmarksUITests;
				PRODUCT_NAME = "$(TARGET_NAME)";
				SWIFT_EMIT_LOC_STRINGS = NO;
				SWIFT_VERSION = 5.0;
				TARGETED_DEVICE_FAMILY = "1,2";
				TEST_TARGET_NAME = Landmarks;
			};
			name = Debug;
		};
		D93103B329253F8200B9F483 /* Release */ = {
			isa = XCBuildConfiguration;
			buildSettings = {
				ALWAYS_EMBED_SWIFT_STANDARD_LIBRARIES = YES;
				CODE_SIGN_STYLE = Automatic;
				CURRENT_PROJECT_VERSION = 1;
				GENERATE_INFOPLIST_FILE = YES;
				MARKETING_VERSION = 1.0;
				PRODUCT_BUNDLE_IDENTIFIER = BMaldonado.LandmarksUITests;
				PRODUCT_NAME = "$(TARGET_NAME)";
				SWIFT_EMIT_LOC_STRINGS = NO;
				SWIFT_VERSION = 5.0;
				TARGETED_DEVICE_FAMILY = "1,2";
				TEST_TARGET_NAME = Landmarks;
			};
			name = Release;
		};
/* End XCBuildConfiguration section */

/* Begin XCConfigurationList section */
		D931038229253F7C00B9F483 /* Build configuration list for PBXProject "Landmarks" */ = {
			isa = XCConfigurationList;
			buildConfigurations = (
				D93103A929253F8200B9F483 /* Debug */,
				D93103AA29253F8200B9F483 /* Release */,
			);
			defaultConfigurationIsVisible = 0;
			defaultConfigurationName = Release;
		};
		D93103AB29253F8200B9F483 /* Build configuration list for PBXNativeTarget "Landmarks" */ = {
			isa = XCConfigurationList;
			buildConfigurations = (
				D93103AC29253F8200B9F483 /* Debug */,
				D93103AD29253F8200B9F483 /* Release */,
			);
			defaultConfigurationIsVisible = 0;
			defaultConfigurationName = Release;
		};
		D93103AE29253F8200B9F483 /* Build configuration list for PBXNativeTarget "LandmarksTests" */ = {
			isa = XCConfigurationList;
			buildConfigurations = (
				D93103AF29253F8200B9F483 /* Debug */,
				D93103B029253F8200B9F483 /* Release */,
			);
			defaultConfigurationIsVisible = 0;
			defaultConfigurationName = Release;
		};
		D93103B129253F8200B9F483 /* Build configuration list for PBXNativeTarget "LandmarksUITests" */ = {
			isa = XCConfigurationList;
			buildConfigurations = (
				D93103B229253F8200B9F483 /* Debug */,
				D93103B329253F8200B9F483 /* Release */,
			);
			defaultConfigurationIsVisible = 0;
			defaultConfigurationName = Release;
		};
/* End XCConfigurationList section */
	};
	rootObject = D931037F29253F7C00B9F483 /* Project object */;
}
